
Microsoft Visual Studio Solution File, Format Version 12.00
# Visual Studio 15
VisualStudioVersion = 15.0.28307.421
MinimumVisualStudioVersion = 10.0.40219.1
Project("{8BC9CEB8-8B4A-11D0-8D11-00A0C91BC942}") = "ProblemeListe", "ProblemeListe\ProblemeListe.vcxproj", "{0E5A4266-14A8-4023-95B1-5F3816D971D4}"
EndProject
Global
	GlobalSection(SolutionConfigurationPlatforms) = preSolution
		Debug|x64 = Debug|x64
		Debug|x86 = Debug|x86
		Release|x64 = Release|x64
		Release|x86 = Release|x86
	EndGlobalSection
	GlobalSection(ProjectConfigurationPlatforms) = postSolution
		{0E5A4266-14A8-4023-95B1-5F3816D971D4}.Debug|x64.ActiveCfg = Debug|x64
		{0E5A4266-14A8-4023-95B1-5F3816D971D4}.Debug|x64.Build.0 = Debug|x64
		{0E5A4266-14A8-4023-95B1-5F3816D971D4}.Debug|x86.ActiveCfg = Debug|Win32
		{0E5A4266-14A8-4023-95B1-5F3816D971D4}.Debug|x86.Build.0 = Debug|Win32
		{0E5A4266-14A8-4023-95B1-5F3816D971D4}.Release|x64.ActiveCfg = Release|x64
		{0E5A4266-14A8-4023-95B1-5F3816D971D4}.Release|x64.Build.0 = Release|x64
		{0E5A4266-14A8-4023-95B1-5F3816D971D4}.Release|x86.ActiveCfg = Release|Win32
		{0E5A4266-14A8-4023-95B1-5F3816D971D4}.Release|x86.Build.0 = Release|Win32
	EndGlobalSection
	GlobalSection(SolutionProperties) = preSolution
		HideSolutionNode = FALSE
	EndGlobalSection
	GlobalSection(ExtensibilityGlobals) = postSolution
		SolutionGuid = {709C8B16-3DBF-4820-B419-29976EA2C1A9}
	EndGlobalSection
EndGlobal
